// !$*UTF8*$!
{
	archiveVersion = 1;
	classes = {
	};
	objectVersion = 46;
	objects = {

/* Begin PBXBuildFile section */
		43BE9E881542E833009869C0 /* UIKit.framework in Frameworks */ = {isa = PBXBuildFile; fileRef = 43BE9E871542E833009869C0 /* UIKit.framework */; };
		43BE9E8A1542E833009869C0 /* Foundation.framework in Frameworks */ = {isa = PBXBuildFile; fileRef = 43BE9E891542E833009869C0 /* Foundation.framework */; };
		43BE9E8C1542E833009869C0 /* CoreGraphics.framework in Frameworks */ = {isa = PBXBuildFile; fileRef = 43BE9E8B1542E833009869C0 /* CoreGraphics.framework */; };
		43BE9E921542E833009869C0 /* InfoPlist.strings in Resources */ = {isa = PBXBuildFile; fileRef = 43BE9E901542E833009869C0 /* InfoPlist.strings */; };
		43BE9E941542E833009869C0 /* main.m in Sources */ = {isa = PBXBuildFile; fileRef = 43BE9E931542E833009869C0 /* main.m */; };
		43BE9E981542E833009869C0 /* AppDelegate.m in Sources */ = {isa = PBXBuildFile; fileRef = 43BE9E971542E833009869C0 /* AppDelegate.m */; };
		43BE9EA01542E833009869C0 /* SenTestingKit.framework in Frameworks */ = {isa = PBXBuildFile; fileRef = 43BE9E9F1542E833009869C0 /* SenTestingKit.framework */; };
		43BE9EA11542E833009869C0 /* UIKit.framework in Frameworks */ = {isa = PBXBuildFile; fileRef = 43BE9E871542E833009869C0 /* UIKit.framework */; };
		43BE9EA21542E833009869C0 /* Foundation.framework in Frameworks */ = {isa = PBXBuildFile; fileRef = 43BE9E891542E833009869C0 /* Foundation.framework */; };
		43BE9EAA1542E833009869C0 /* InfoPlist.strings in Resources */ = {isa = PBXBuildFile; fileRef = 43BE9EA81542E833009869C0 /* InfoPlist.strings */; };
		43BE9EAD1542E833009869C0 /* CouponTests.m in Sources */ = {isa = PBXBuildFile; fileRef = 43BE9EAC1542E833009869C0 /* CouponTests.m */; };
/* End PBXBuildFile section */

/* Begin PBXContainerItemProxy section */
		43BE9EA31542E833009869C0 /* PBXContainerItemProxy */ = {
			isa = PBXContainerItemProxy;
			containerPortal = 43BE9E7A1542E833009869C0 /* Project object */;
			proxyType = 1;
			remoteGlobalIDString = 43BE9E821542E833009869C0;
			remoteInfo = Coupon;
		};
/* End PBXContainerItemProxy section */

/* Begin PBXFileReference section */
		43BE9E831542E833009869C0 /* Coupon.app */ = {isa = PBXFileReference; explicitFileType = wrapper.application; includeInIndex = 0; path = Coupon.app; sourceTree = BUILT_PRODUCTS_DIR; };
		43BE9E871542E833009869C0 /* UIKit.framework */ = {isa = PBXFileReference; lastKnownFileType = wrapper.framework; name = UIKit.framework; path = System/Library/Frameworks/UIKit.framework; sourceTree = SDKROOT; };
		43BE9E891542E833009869C0 /* Foundation.framework */ = {isa = PBXFileReference; lastKnownFileType = wrapper.framework; name = Foundation.framework; path = System/Library/Frameworks/Foundation.framework; sourceTree = SDKROOT; };
		43BE9E8B1542E833009869C0 /* CoreGraphics.framework */ = {isa = PBXFileReference; lastKnownFileType = wrapper.framework; name = CoreGraphics.framework; path = System/Library/Frameworks/CoreGraphics.framework; sourceTree = SDKROOT; };
		43BE9E8F1542E833009869C0 /* Coupon-Info.plist */ = {isa = PBXFileReference; lastKnownFileType = text.plist.xml; path = "Coupon-Info.plist"; sourceTree = "<group>"; };
		43BE9E911542E833009869C0 /* en */ = {isa = PBXFileReference; lastKnownFileType = text.plist.strings; name = en; path = en.lproj/InfoPlist.strings; sourceTree = "<group>"; };
		43BE9E931542E833009869C0 /* main.m */ = {isa = PBXFileReference; lastKnownFileType = sourcecode.c.objc; path = main.m; sourceTree = "<group>"; };
		43BE9E951542E833009869C0 /* Coupon-Prefix.pch */ = {isa = PBXFileReference; lastKnownFileType = sourcecode.c.h; path = "Coupon-Prefix.pch"; sourceTree = "<group>"; };
		43BE9E961542E833009869C0 /* AppDelegate.h */ = {isa = PBXFileReference; lastKnownFileType = sourcecode.c.h; path = AppDelegate.h; sourceTree = "<group>"; };
		43BE9E971542E833009869C0 /* AppDelegate.m */ = {isa = PBXFileReference; lastKnownFileType = sourcecode.c.objc; path = AppDelegate.m; sourceTree = "<group>"; };
		43BE9E9E1542E833009869C0 /* CouponTests.octest */ = {isa = PBXFileReference; explicitFileType = wrapper.cfbundle; includeInIndex = 0; path = CouponTests.octest; sourceTree = BUILT_PRODUCTS_DIR; };
		43BE9E9F1542E833009869C0 /* SenTestingKit.framework */ = {isa = PBXFileReference; lastKnownFileType = wrapper.framework; name = SenTestingKit.framework; path = Library/Frameworks/SenTestingKit.framework; sourceTree = DEVELOPER_DIR; };
		43BE9EA71542E833009869C0 /* CouponTests-Info.plist */ = {isa = PBXFileReference; lastKnownFileType = text.plist.xml; path = "CouponTests-Info.plist"; sourceTree = "<group>"; };
		43BE9EA91542E833009869C0 /* en */ = {isa = PBXFileReference; lastKnownFileType = text.plist.strings; name = en; path = en.lproj/InfoPlist.strings; sourceTree = "<group>"; };
		43BE9EAB1542E833009869C0 /* CouponTests.h */ = {isa = PBXFileReference; lastKnownFileType = sourcecode.c.h; path = CouponTests.h; sourceTree = "<group>"; };
		43BE9EAC1542E833009869C0 /* CouponTests.m */ = {isa = PBXFileReference; lastKnownFileType = sourcecode.c.objc; path = CouponTests.m; sourceTree = "<group>"; };
/* End PBXFileReference section */

/* Begin PBXFrameworksBuildPhase section */
		43BE9E801542E833009869C0 /* Frameworks */ = {
			isa = PBXFrameworksBuildPhase;
			buildActionMask = 2147483647;
			files = (
				43BE9E881542E833009869C0 /* UIKit.framework in Frameworks */,
				43BE9E8A1542E833009869C0 /* Foundation.framework in Frameworks */,
				43BE9E8C1542E833009869C0 /* CoreGraphics.framework in Frameworks */,
			);
			runOnlyForDeploymentPostprocessing = 0;
		};
		43BE9E9A1542E833009869C0 /* Frameworks */ = {
			isa = PBXFrameworksBuildPhase;
			buildActionMask = 2147483647;
			files = (
				43BE9EA01542E833009869C0 /* SenTestingKit.framework in Frameworks */,
				43BE9EA11542E833009869C0 /* UIKit.framework in Frameworks */,
				43BE9EA21542E833009869C0 /* Foundation.framework in Frameworks */,
			);
			runOnlyForDeploymentPostprocessing = 0;
		};
/* End PBXFrameworksBuildPhase section */

/* Begin PBXGroup section */
		43BE9E781542E833009869C0 = {
			isa = PBXGroup;
			children = (
				43BE9E8D1542E833009869C0 /* Coupon */,
				43BE9EA51542E833009869C0 /* CouponTests */,
				43BE9E861542E833009869C0 /* Frameworks */,
				43BE9E841542E833009869C0 /* Products */,
			);
			sourceTree = "<group>";
		};
		43BE9E841542E833009869C0 /* Products */ = {
			isa = PBXGroup;
			children = (
				43BE9E831542E833009869C0 /* Coupon.app */,
				43BE9E9E1542E833009869C0 /* CouponTests.octest */,
			);
			name = Products;
			sourceTree = "<group>";
		};
		43BE9E861542E833009869C0 /* Frameworks */ = {
			isa = PBXGroup;
			children = (
				43BE9E871542E833009869C0 /* UIKit.framework */,
				43BE9E891542E833009869C0 /* Foundation.framework */,
				43BE9E8B1542E833009869C0 /* CoreGraphics.framework */,
				43BE9E9F1542E833009869C0 /* SenTestingKit.framework */,
			);
			name = Frameworks;
			sourceTree = "<group>";
		};
		43BE9E8D1542E833009869C0 /* Coupon */ = {
			isa = PBXGroup;
			children = (
				43BE9E961542E833009869C0 /* AppDelegate.h */,
				43BE9E971542E833009869C0 /* AppDelegate.m */,
				43BE9E8E1542E833009869C0 /* Supporting Files */,
			);
			path = Coupon;
			sourceTree = "<group>";
		};
		43BE9E8E1542E833009869C0 /* Supporting Files */ = {
			isa = PBXGroup;
			children = (
				43BE9E8F1542E833009869C0 /* Coupon-Info.plist */,
				43BE9E901542E833009869C0 /* InfoPlist.strings */,
				43BE9E931542E833009869C0 /* main.m */,
				43BE9E951542E833009869C0 /* Coupon-Prefix.pch */,
			);
			name = "Supporting Files";
			sourceTree = "<group>";
		};
		43BE9EA51542E833009869C0 /* CouponTests */ = {
			isa = PBXGroup;
			children = (
				43BE9EAB1542E833009869C0 /* CouponTests.h */,
				43BE9EAC1542E833009869C0 /* CouponTests.m */,
				43BE9EA61542E833009869C0 /* Supporting Files */,
			);
			path = CouponTests;
			sourceTree = "<group>";
		};
		43BE9EA61542E833009869C0 /* Supporting Files */ = {
			isa = PBXGroup;
			children = (
				43BE9EA71542E833009869C0 /* CouponTests-Info.plist */,
				43BE9EA81542E833009869C0 /* InfoPlist.strings */,
			);
			name = "Supporting Files";
			sourceTree = "<group>";
		};
/* End PBXGroup section */

/* Begin PBXNativeTarget section */
		43BE9E821542E833009869C0 /* Coupon */ = {
			isa = PBXNativeTarget;
			buildConfigurationList = 43BE9EB01542E833009869C0 /* Build configuration list for PBXNativeTarget "Coupon" */;
			buildPhases = (
				43BE9E7F1542E833009869C0 /* Sources */,
				43BE9E801542E833009869C0 /* Frameworks */,
				43BE9E811542E833009869C0 /* Resources */,
			);
			buildRules = (
			);
			dependencies = (
			);
			name = Coupon;
			productName = Coupon;
			productReference = 43BE9E831542E833009869C0 /* Coupon.app */;
			productType = "com.apple.product-type.application";
		};
		43BE9E9D1542E833009869C0 /* CouponTests */ = {
			isa = PBXNativeTarget;
			buildConfigurationList = 43BE9EB31542E833009869C0 /* Build configuration list for PBXNativeTarget "CouponTests" */;
			buildPhases = (
				43BE9E991542E833009869C0 /* Sources */,
				43BE9E9A1542E833009869C0 /* Frameworks */,
				43BE9E9B1542E833009869C0 /* Resources */,
				43BE9E9C1542E833009869C0 /* ShellScript */,
			);
			buildRules = (
			);
			dependencies = (
				43BE9EA41542E833009869C0 /* PBXTargetDependency */,
			);
			name = CouponTests;
			productName = CouponTests;
			productReference = 43BE9E9E1542E833009869C0 /* CouponTests.octest */;
			productType = "com.apple.product-type.bundle";
		};
/* End PBXNativeTarget section */

/* Begin PBXProject section */
		43BE9E7A1542E833009869C0 /* Project object */ = {
			isa = PBXProject;
			attributes = {
				LastUpgradeCheck = 0420;
				ORGANIZATIONNAME = "guxinchi2000@gmail.com";
			};
			buildConfigurationList = 43BE9E7D1542E833009869C0 /* Build configuration list for PBXProject "Coupon" */;
			compatibilityVersion = "Xcode 3.2";
			developmentRegion = English;
			hasScannedForEncodings = 0;
			knownRegions = (
				en,
			);
			mainGroup = 43BE9E781542E833009869C0;
			productRefGroup = 43BE9E841542E833009869C0 /* Products */;
			projectDirPath = "";
			projectRoot = "";
			targets = (
				43BE9E821542E833009869C0 /* Coupon */,
				43BE9E9D1542E833009869C0 /* CouponTests */,
			);
		};
/* End PBXProject section */

/* Begin PBXResourcesBuildPhase section */
		43BE9E811542E833009869C0 /* Resources */ = {
			isa = PBXResourcesBuildPhase;
			buildActionMask = 2147483647;
			files = (
				43BE9E921542E833009869C0 /* InfoPlist.strings in Resources */,
			);
			runOnlyForDeploymentPostprocessing = 0;
		};
		43BE9E9B1542E833009869C0 /* Resources */ = {
			isa = PBXResourcesBuildPhase;
			buildActionMask = 2147483647;
			files = (
				43BE9EAA1542E833009869C0 /* InfoPlist.strings in Resources */,
			);
			runOnlyForDeploymentPostprocessing = 0;
		};
/* End PBXResourcesBuildPhase section */

/* Begin PBXShellScriptBuildPhase section */
		43BE9E9C1542E833009869C0 /* ShellScript */ = {
			isa = PBXShellScriptBuildPhase;
			buildActionMask = 2147483647;
			files = (
			);
			inputPaths = (
			);
			outputPaths = (
			);
			runOnlyForDeploymentPostprocessing = 0;
			shellPath = /bin/sh;
			shellScript = "# Run the unit tests in this test bundle.\n\"${SYSTEM_DEVELOPER_DIR}/Tools/RunUnitTests\"\n";
		};
/* End PBXShellScriptBuildPhase section */

/* Begin PBXSourcesBuildPhase section */
		43BE9E7F1542E833009869C0 /* Sources */ = {
			isa = PBXSourcesBuildPhase;
			buildActionMask = 2147483647;
			files = (
				43BE9E941542E833009869C0 /* main.m in Sources */,
				43BE9E981542E833009869C0 /* AppDelegate.m in Sources */,
			);
			runOnlyForDeploymentPostprocessing = 0;
		};
		43BE9E991542E833009869C0 /* Sources */ = {
			isa = PBXSourcesBuildPhase;
			buildActionMask = 2147483647;
			files = (
				43BE9EAD1542E833009869C0 /* CouponTests.m in Sources */,
			);
			runOnlyForDeploymentPostprocessing = 0;
		};
/* End PBXSourcesBuildPhase section */

/* Begin PBXTargetDependency section */
		43BE9EA41542E833009869C0 /* PBXTargetDependency */ = {
			isa = PBXTargetDependency;
			target = 43BE9E821542E833009869C0 /* Coupon */;
			targetProxy = 43BE9EA31542E833009869C0 /* PBXContainerItemProxy */;
		};
/* End PBXTargetDependency section */

/* Begin PBXVariantGroup section */
		43BE9E901542E833009869C0 /* InfoPlist.strings */ = {
			isa = PBXVariantGroup;
			children = (
				43BE9E911542E833009869C0 /* en */,
			);
			name = InfoPlist.strings;
			sourceTree = "<group>";
		};
		43BE9EA81542E833009869C0 /* InfoPlist.strings */ = {
			isa = PBXVariantGroup;
			children = (
				43BE9EA91542E833009869C0 /* en */,
			);
			name = InfoPlist.strings;
			sourceTree = "<group>";
		};
/* End PBXVariantGroup section */

/* Begin XCBuildConfiguration section */
		43BE9EAE1542E833009869C0 /* Debug */ = {
			isa = XCBuildConfiguration;
			buildSettings = {
				ALWAYS_SEARCH_USER_PATHS = NO;
				ARCHS = "$(ARCHS_STANDARD_32_BIT)";
				CLANG_ENABLE_OBJC_ARC = YES;
				"CODE_SIGN_IDENTITY[sdk=iphoneos*]" = "iPhone Developer";
				COPY_PHASE_STRIP = NO;
				GCC_C_LANGUAGE_STANDARD = gnu99;
				GCC_DYNAMIC_NO_PIC = NO;
				GCC_OPTIMIZATION_LEVEL = 0;
				GCC_PREPROCESSOR_DEFINITIONS = (
					"DEBUG=1",
					"$(inherited)",
				);
				GCC_SYMBOLS_PRIVATE_EXTERN = NO;
				GCC_VERSION = com.apple.compilers.llvm.clang.1_0;
				GCC_WARN_ABOUT_MISSING_PROTOTYPES = YES;
				GCC_WARN_ABOUT_RETURN_TYPE = YES;
				GCC_WARN_UNUSED_VARIABLE = YES;
				IPHONEOS_DEPLOYMENT_TARGET = 5.0;
				SDKROOT = iphoneos;
				TARGETED_DEVICE_FAMILY = "1,2";
			};
			name = Debug;
		};
		43BE9EAF1542E833009869C0 /* Release */ = {
			isa = XCBuildConfiguration;
			buildSettings = {
				ALWAYS_SEARCH_USER_PATHS = NO;
				ARCHS = "$(ARCHS_STANDARD_32_BIT)";
				CLANG_ENABLE_OBJC_ARC = YES;
				"CODE_SIGN_IDENTITY[sdk=iphoneos*]" = "iPhone Developer";
				COPY_PHASE_STRIP = YES;
				GCC_C_LANGUAGE_STANDARD = gnu99;
				GCC_VERSION = com.apple.compilers.llvm.clang.1_0;
				GCC_WARN_ABOUT_MISSING_PROTOTYPES = YES;
				GCC_WARN_ABOUT_RETURN_TYPE = YES;
				GCC_WARN_UNUSED_VARIABLE = YES;
				IPHONEOS_DEPLOYMENT_TARGET = 5.0;
				OTHER_CFLAGS = "-DNS_BLOCK_ASSERTIONS=1";
				SDKROOT = iphoneos;
				TARGETED_DEVICE_FAMILY = "1,2";
				VALIDATE_PRODUCT = YES;
			};
			name = Release;
		};
		43BE9EB11542E833009869C0 /* Debug */ = {
			isa = XCBuildConfiguration;
			buildSettings = {
				GCC_PRECOMPILE_PREFIX_HEADER = YES;
				GCC_PREFIX_HEADER = "Coupon/Coupon-Prefix.pch";
				INFOPLIST_FILE = "Coupon/Coupon-Info.plist";
				PRODUCT_NAME = "$(TARGET_NAME)";
				WRAPPER_EXTENSION = app;
			};
			name = Debug;
		};
		43BE9EB21542E833009869C0 /* Release */ = {
			isa = XCBuildConfiguration;
			buildSettings = {
				GCC_PRECOMPILE_PREFIX_HEADER = YES;
				GCC_PREFIX_HEADER = "Coupon/Coupon-Prefix.pch";
				INFOPLIST_FILE = "Coupon/Coupon-Info.plist";
				PRODUCT_NAME = "$(TARGET_NAME)";
				WRAPPER_EXTENSION = app;
			};
			name = Release;
		};
		43BE9EB41542E833009869C0 /* Debug */ = {
			isa = XCBuildConfiguration;
			buildSettings = {
				BUNDLE_LOADER = "$(BUILT_PRODUCTS_DIR)/Coupon.app/Coupon";
				FRAMEWORK_SEARCH_PATHS = (
					"$(SDKROOT)/Developer/Library/Frameworks",
					"$(DEVELOPER_LIBRARY_DIR)/Frameworks",
				);
				GCC_PRECOMPILE_PREFIX_HEADER = YES;
				GCC_PREFIX_HEADER = "Coupon/Coupon-Prefix.pch";
				INFOPLIST_FILE = "CouponTests/CouponTests-Info.plist";
				PRODUCT_NAME = "$(TARGET_NAME)";
				TEST_HOST = "$(BUNDLE_LOADER)";
				WRAPPER_EXTENSION = octest;
			};
			name = Debug;
		};
		43BE9EB51542E833009869C0 /* Release */ = {
			isa = XCBuildConfiguration;
			buildSettings = {
				BUNDLE_LOADER = "$(BUILT_PRODUCTS_DIR)/Coupon.app/Coupon";
				FRAMEWORK_SEARCH_PATHS = (
					"$(SDKROOT)/Developer/Library/Frameworks",
					"$(DEVELOPER_LIBRARY_DIR)/Frameworks",
				);
				GCC_PRECOMPILE_PREFIX_HEADER = YES;
				GCC_PREFIX_HEADER = "Coupon/Coupon-Prefix.pch";
				INFOPLIST_FILE = "CouponTests/CouponTests-Info.plist";
				PRODUCT_NAME = "$(TARGET_NAME)";
				TEST_HOST = "$(BUNDLE_LOADER)";
				WRAPPER_EXTENSION = octest;
			};
			name = Release;
		};
/* End XCBuildConfiguration section */

/* Begin XCConfigurationList section */
		43BE9E7D1542E833009869C0 /* Build configuration list for PBXProject "Coupon" */ = {
			isa = XCConfigurationList;
			buildConfigurations = (
				43BE9EAE1542E833009869C0 /* Debug */,
				43BE9EAF1542E833009869C0 /* Release */,
			);
			defaultConfigurationIsVisible = 0;
			defaultConfigurationName = Release;
		};
		43BE9EB01542E833009869C0 /* Build configuration list for PBXNativeTarget "Coupon" */ = {
			isa = XCConfigurationList;
			buildConfigurations = (
				43BE9EB11542E833009869C0 /* Debug */,
				43BE9EB21542E833009869C0 /* Release */,
			);
			defaultConfigurationIsVisible = 0;
		};
		43BE9EB31542E833009869C0 /* Build configuration list for PBXNativeTarget "CouponTests" */ = {
			isa = XCConfigurationList;
			buildConfigurations = (
				43BE9EB41542E833009869C0 /* Debug */,
				43BE9EB51542E833009869C0 /* Release */,
			);
			defaultConfigurationIsVisible = 0;
		};
/* End XCConfigurationList section */
	};
	rootObject = 43BE9E7A1542E833009869C0 /* Project object */;
}
